lockfileVersion: '9.0'

settings:
  autoInstallPeers: true
  excludeLinksFromLockfile: false

importers:

  .:
    dependencies:
      '@mariozechner/pi-tui':
        specifier: ^0.65.0
        version: 0.65.0
      chalk:
        specifier: ^5.5.0
        version: 5.6.2
    devDependencies:
      '@types/node':
        specifier: ^20.0.0
        version: 20.19.39
      typescript:
        specifier: ^5.0.0
        version: 5.9.3

packages:

  '@mariozechner/pi-tui@0.65.0':
    resolution: {integrity: sha512-P5Uuf4x1sTplMNQw8NrC1Hyz0N/tZq9kC6CDRkTT7rZuxZEeXl9uhKvlLEGigdKVOVrWnPE7ip0jrO81POYy3g==}
    engines: {node: '>=20.0.0'}

  '@types/mime-types@2.1.4':
    resolution: {integrity: sha512-lfU4b34HOri+kAY5UheuFMWPDOI+OPceBSHZKp69gEyTL/mmJ4cnU6Y/rlme3UL3GyOn6Y42hyIEw0/q8sWx5w==}

  '@types/node@20.19.39':
    resolution: {integrity: sha512-orrrD74MBUyK8jOAD/r0+lfa1I2MO6I+vAkmAWzMYbCcgrN4lCrmK52gRFQq/JRxfYPfonkr4b0jcY7Olqdqbw==}

  chalk@5.6.2:
    resolution: {integrity: sha512-7NzBL0rN6fMUW+f7A6Io4h40qQlG+xGmtMxfbnH/K7TAtt8JQWVQK+6g0UXKMeVJoyV5EkkNsErQ8pVD3bLHbA==}
    engines: {node: ^12.17.0 || ^14.13 || >=16.0.0}

  get-east-asian-width@1.5.0:
    resolution: {integrity: sha512-CQ+bEO+Tva/qlmw24dCejulK5pMzVnUOFOijVogd3KQs07HnRIgp8TGipvCCRT06xeYEbpbgwaCxglFyiuIcmA==}
    engines: {node: '>=18'}

  koffi@2.15.4:
    resolution: {integrity: sha512-6l7xxt8heHWQ63WyGd8ofne4TrzhqeKHhvSlI3GnxMIHp3PlDrOPyZbW5YNINXNma1qrKkpM/PGLY8U0V8Hxbw==}

  marked@15.0.12:
    resolution: {integrity: sha512-8dD6FusOQSrpv9Z1rdNMdlSgQOIP880DHqnohobOmYLElGEqAL/JvxvuxZO16r4HtjTlfPRDC1hbvxC9dPN2nA==}
    engines: {node: '>= 18'}
    hasBin: true

  mime-db@1.54.0:
    resolution: {integrity: sha512-aU5EJuIN2WDemCcAp2vFBfp/m4EAhWJnUNSSw0ixs7/kXbd6Pg64EmwJkNdFhB8aWt1sH2CTXrLxo/iAGV3oPQ==}
    engines: {node: '>= 0.6'}

  mime-types@3.0.2:
    resolution: {integrity: sha512-Lbgzdk0h4juoQ9fCKXW4by0UJqj+nOOrI9MJ1sSj4nI8aI2eo1qmvQEie4VD1glsS250n15LsWsYtCugiStS5A==}
    engines: {node: '>=18'}

  typescript@5.9.3:
    resolution: {integrity: sha512-jl1vZzPDinLr9eUt3J/t7V6FgNEw9QjvBPdysz9KfQDD41fQrC2Y4vKQdiaUpFT4bXlb1RHhLpp8wtm6M5TgSw==}
    engines: {node: '>=14.17'}
    hasBin: true

  undici-types@6.21.0:
    resolution: {integrity: sha512-iwDZqg0QAGrg9Rav5H4n0M64c3mkR59cJ6wQp+7C4nI0gsmExaedaYLNO44eT4AtBBwjbTiGPMlt2Md0T9H9JQ==}

snapshots:

  '@mariozechner/pi-tui@0.65.0':
    dependencies:
      '@types/mime-types': 2.1.4
      chalk: 5.6.2
      get-east-asian-width: 1.5.0
      marked: 15.0.12
      mime-types: 3.0.2
    optionalDependencies:
      koffi: 2.15.4

  '@types/mime-types@2.1.4': {}

  '@types/node@20.19.39':
    dependencies:
      undici-types: 6.21.0

  chalk@5.6.2: {}

  get-east-asian-width@1.5.0: {}

  koffi@2.15.4:
    optional: true

  marked@15.0.12: {}

  mime-db@1.54.0: {}

  mime-types@3.0.2:
    dependencies:
      mime-db: 1.54.0

  typescript@5.9.3: {}

  undici-types@6.21.0: {}
